{
  "name": "@xspect-build/python",
  "version": "1.0.2",
  "lockfileVersion": 3,
  "requires": true,
  "packages": {
    "": {
      "name": "@xspect-build/python",
      "version": "1.0.2",
      "license": "MIT",
      "dependencies": {
        "@napi-rs/tar": "^0.1.1"
      },
      "engines": {
        "node": ">=16.0.0"
      }
    },
    "node_modules/@emnapi/core": {
      "version": "1.7.1",
      "resolved": "https://registry.npmjs.org/@emnapi/core/-/core-1.7.1.tgz",
      "integrity": "sha512-o1uhUASyo921r2XtHYOHy7gdkGLge8ghBEQHMWmyJFoXlpU58kIrhhN3w26lpQb6dspetweapMn2CSNwQ8I4wg==",
      "optional": true,
      "dependencies": {
        "@emnapi/wasi-threads": "1.1.0",
        "tslib": "^2.4.0"
      }
    },
    "node_modules/@emnapi/runtime": {
      "version": "1.7.1",
      "resolved": "https://registry.npmjs.org/@emnapi/runtime/-/runtime-1.7.1.tgz",
      "integrity": "sha512-PVtJr5CmLwYAU9PZDMITZoR5iAOShYREoR45EyyLrbntV50mdePTgUn4AmOw90Ifcj+x2kRjdzr1HP3RrNiHGA==",
      "optional": true,
      "dependencies": {
        "tslib": "^2.4.0"
      }
    },
    "node_modules/@emnapi/wasi-threads": {
      "version": "1.1.0",
      "resolved": "https://registry.npmjs.org/@emnapi/wasi-threads/-/wasi-threads-1.1.0.tgz",
      "integrity": "sha512-WI0DdZ8xFSbgMjR1sFsKABJ/C5OnRrjT06JXbZKexJGrDuPTzZdDYfFlsgcCXCyf+suG5QU2e/y1Wo2V/OapLQ==",
      "optional": true,
      "dependencies": {
        "tslib": "^2.4.0"
      }
    },
    "node_modules/@napi-rs/tar": {
      "version": "0.1.5",
      "resolved": "https://registry.npmjs.org/@napi-rs/tar/-/tar-0.1.5.tgz",
      "integrity": "sha512-skgWKcpjtUqJUk1jwhVl8vXYCXQlFC532KiryU3hQBr6ZIJk0E0qD9FG99hUqtPko8mIMS5HDPO+uSnvHfgRVg==",
      "engines": {
        "node": ">= 10"
      },
      "optionalDependencies": {
        "@napi-rs/tar-android-arm-eabi": "0.1.5",
        "@napi-rs/tar-android-arm64": "0.1.5",
        "@napi-rs/tar-darwin-arm64": "0.1.5",
        "@napi-rs/tar-darwin-x64": "0.1.5",
        "@napi-rs/tar-freebsd-x64": "0.1.5",
        "@napi-rs/tar-linux-arm-gnueabihf": "0.1.5",
        "@napi-rs/tar-linux-arm64-gnu": "0.1.5",
        "@napi-rs/tar-linux-arm64-musl": "0.1.5",
        "@napi-rs/tar-linux-ppc64-gnu": "0.1.5",
        "@napi-rs/tar-linux-s390x-gnu": "0.1.5",
        "@napi-rs/tar-linux-x64-gnu": "0.1.5",
        "@napi-rs/tar-linux-x64-musl": "0.1.5",
        "@napi-rs/tar-wasm32-wasi": "0.1.5",
        "@napi-rs/tar-win32-arm64-msvc": "0.1.5",
        "@napi-rs/tar-win32-ia32-msvc": "0.1.5",
        "@napi-rs/tar-win32-x64-msvc": "0.1.5"
      }
    },
    "node_modules/@napi-rs/tar-android-arm-eabi": {
      "version": "0.1.5",
      "resolved": "https://registry.npmjs.org/@napi-rs/tar-android-arm-eabi/-/tar-android-arm-eabi-0.1.5.tgz",
      "integrity": "sha512-FM2qNG3ELeYibnZC8dfsCV4i/pql1nlLKVINfRC7TSwqFfgj5gbezZ0rT8gRPHbLyslVt6m4MPZfRE8Uj/MuCA==",
      "cpu": [
        "arm"
      ],
      "optional": true,
      "os": [
        "android"
      ],
      "engines": {
        "node": ">= 10"
      }
    },
    "node_modules/@napi-rs/tar-android-arm64": {
      "version": "0.1.5",
      "resolved": "https://registry.npmjs.org/@napi-rs/tar-android-arm64/-/tar-android-arm64-0.1.5.tgz",
      "integrity": "sha512-OpP0QyD+K0a68nqyko793lLWiC2BN1wWF/Doatus1OCKxgj61vtrUPVO2cQGQS5i07I/+YGRF8lD0tQDrk4JDQ==",
      "cpu": [
        "arm64"
      ],
      "optional": true,
      "os": [
        "android"
      ],
      "engines": {
        "node": ">= 10"
      }
    },
    "node_modules/@napi-rs/tar-darwin-arm64": {
      "version": "0.1.5",
      "resolved": "https://registry.npmjs.org/@napi-rs/tar-darwin-arm64/-/tar-darwin-arm64-0.1.5.tgz",
      "integrity": "sha512-sfyM/9gxFabdMTFt4quvLJuKbXS6StGIUf7Cp3l8aV2WqCURJevdpN6wW8XtGBo/iSnAP52ERwMRdyIavPYruw==",
      "cpu": [
        "arm64"
      ],
      "optional": true,
      "os": [
        "darwin"
      ],
      "engines": {
        "node": ">= 10"
      }
    },
    "node_modules/@napi-rs/tar-darwin-x64": {
      "version": "0.1.5",
      "resolved": "https://registry.npmjs.org/@napi-rs/tar-darwin-x64/-/tar-darwin-x64-0.1.5.tgz",
      "integrity": "sha512-NtY8bADKE/3ODBM3hW/RgPeeERJpI6/jgipT3eLJ/CQWY1VJ6t9GHR7anJKhx1oxVdmSfqfCGMolM8WPV9x9bw==",
      "cpu": [
        "x64"
      ],
      "optional": true,
      "os": [
        "darwin"
      ],
      "engines": {
        "node": ">= 10"
      }
    },
    "node_modules/@napi-rs/tar-freebsd-x64": {
      "version": "0.1.5",
      "resolved": "https://registry.npmjs.org/@napi-rs/tar-freebsd-x64/-/tar-freebsd-x64-0.1.5.tgz",
      "integrity": "sha512-azl0nWrDJAGg25cGVKEY7UtU5ABGz4sQASKvemDLwGbzMDtkJgCoPb+OunI1pezijRAyhiuZEQ4jK8S1qNAWCg==",
      "cpu": [
        "x64"
      ],
      "optional": true,
      "os": [
        "freebsd"
      ],
      "engines": {
        "node": ">= 10"
      }
    },
    "node_modules/@napi-rs/tar-linux-arm-gnueabihf": {
      "version": "0.1.5",
      "resolved": "https://registry.npmjs.org/@napi-rs/tar-linux-arm-gnueabihf/-/tar-linux-arm-gnueabihf-0.1.5.tgz",
      "integrity": "sha512-OjGdKjaW7b0m96rAvsLthMBhwYSSgpTM/WkHqRJo91HCYQ6tHXDBnq4VIQx2FpwT1PoetvRsbSgy0tOc95iYjA==",
      "cpu": [
        "arm"
      ],
      "optional": true,
      "os": [
        "linux"
      ],
      "engines": {
        "node": ">= 10"
      }
    },
    "node_modules/@napi-rs/tar-linux-arm64-gnu": {
      "version": "0.1.5",
      "resolved": "https://registry.npmjs.org/@napi-rs/tar-linux-arm64-gnu/-/tar-linux-arm64-gnu-0.1.5.tgz",
      "integrity": "sha512-o3b2VE5c7+NFb6XRcXrdXgur1yhpx+XNItFoeJUMBE8z0AGAISf2DJSbcJawmefUvrGtr+iLr61hsr6f2hw+5Q==",
      "cpu": [
        "arm64"
      ],
      "optional": true,
      "os": [
        "linux"
      ],
      "engines": {
        "node": ">= 10"
      }
    },
    "node_modules/@napi-rs/tar-linux-arm64-musl": {
      "version": "0.1.5",
      "resolved": "https://registry.npmjs.org/@napi-rs/tar-linux-arm64-musl/-/tar-linux-arm64-musl-0.1.5.tgz",
      "integrity": "sha512-5xTxsoPVqovnZ197CqTc+q3psRM4i+ErdiyfDgkG4nP045jh50gp22WKZuE24dc7/iS+IyUrM3+PRbmj2mzR8g==",
      "cpu": [
        "arm64"
      ],
      "optional": true,
      "os": [
        "linux"
      ],
      "engines": {
        "node": ">= 10"
      }
    },
    "node_modules/@napi-rs/tar-linux-ppc64-gnu": {
      "version": "0.1.5",
      "resolved": "https://registry.npmjs.org/@napi-rs/tar-linux-ppc64-gnu/-/tar-linux-ppc64-gnu-0.1.5.tgz",
      "integrity": "sha512-7FF1u8EkDpCEPCgU0/kvuzsO+opB7eIbsGfKRIbOqrDT7c1DYxDetNTtukPvNoT2kvwfxxThgTfcPADPxdOE/w==",
      "cpu": [
        "ppc64"
      ],
      "optional": true,
      "os": [
        "linux"
      ],
      "engines": {
        "node": ">= 10"
      }
    },
    "node_modules/@napi-rs/tar-linux-s390x-gnu": {
      "version": "0.1.5",
      "resolved": "https://registry.npmjs.org/@napi-rs/tar-linux-s390x-gnu/-/tar-linux-s390x-gnu-0.1.5.tgz",
      "integrity": "sha512-uyIZ7OLCLHtVBpogoJUD0GSAF1IUa3d5c5AVUemTLIwYkVgzdEB+khh3i2+/oKObf79ZKfQ8mYxOryHqfx+ulw==",
      "cpu": [
        "s390x"
      ],
      "optional": true,
      "os": [
        "linux"
      ],
      "engines": {
        "node": ">= 10"
      }
    },
    "node_modules/@napi-rs/tar-linux-x64-gnu": {
      "version": "0.1.5",
      "resolved": "https://registry.npmjs.org/@napi-rs/tar-linux-x64-gnu/-/tar-linux-x64-gnu-0.1.5.tgz",
      "integrity": "sha512-y8pFyVTU6lSYiW2lse6i1Ns9yt9mBkAqPbcJnIjqC7ZqRd61T6g3XZDSrKmsM6ycTfsAqoE5WyyFxBjQN29AOA==",
      "cpu": [
        "x64"
      ],
      "optional": true,
      "os": [
        "linux"
      ],
      "engines": {
        "node": ">= 10"
      }
    },
    "node_modules/@napi-rs/tar-linux-x64-musl": {
      "version": "0.1.5",
      "resolved": "https://registry.npmjs.org/@napi-rs/tar-linux-x64-musl/-/tar-linux-x64-musl-0.1.5.tgz",
      "integrity": "sha512-8phLYc0QX+tqvp34PQHUulZUi4sy/fdg1KgFHiyYExTRRleBB01vM7KSn7Bk9dwH7lannO5D7j4O8OY46Xcr/A==",
      "cpu": [
        "x64"
      ],
      "optional": true,
      "os": [
        "linux"
      ],
      "engines": {
        "node": ">= 10"
      }
    },
    "node_modules/@napi-rs/tar-wasm32-wasi": {
      "version": "0.1.5",
      "resolved": "https://registry.npmjs.org/@napi-rs/tar-wasm32-wasi/-/tar-wasm32-wasi-0.1.5.tgz",
      "integrity": "sha512-OpVWC/bwY0zb6nbQDg6koxeZGb441gXwPkaYVjaK4O0TJjNpRKbokLAMlGFtcc/sVSPjghFL0+enfnLDt/P7og==",
      "cpu": [
        "wasm32"
      ],
      "optional": true,
      "dependencies": {
        "@napi-rs/wasm-runtime": "^0.2.9"
      },
      "engines": {
        "node": ">=14.0.0"
      }
    },
    "node_modules/@napi-rs/tar-win32-arm64-msvc": {
      "version": "0.1.5",
      "resolved": "https://registry.npmjs.org/@napi-rs/tar-win32-arm64-msvc/-/tar-win32-arm64-msvc-0.1.5.tgz",
      "integrity": "sha512-FXwQA2Ib55q98szshvDsitgo2iLW2lTD1Q53e8dPMGobPa2yL5e8IjJDCcMI7XJwBZPl9YjJk7nAb8y20DXF+Q==",
      "cpu": [
        "arm64"
      ],
      "optional": true,
      "os": [
        "win32"
      ],
      "engines": {
        "node": ">= 10"
      }
    },
    "node_modules/@napi-rs/tar-win32-ia32-msvc": {
      "version": "0.1.5",
      "resolved": "https://registry.npmjs.org/@napi-rs/tar-win32-ia32-msvc/-/tar-win32-ia32-msvc-0.1.5.tgz",
      "integrity": "sha512-XEt58yFslNkwf2yJ+uX5nDNmPAk15Metkx2hVPeH29mOpuG2H8nuS8/42hZ+dQfZf3xABRjyurVMMH9JcgLZIQ==",
      "cpu": [
        "ia32"
      ],
      "optional": true,
      "os": [
        "win32"
      ],
      "engines": {
        "node": ">= 10"
      }
    },
    "node_modules/@napi-rs/tar-win32-x64-msvc": {
      "version": "0.1.5",
      "resolved": "https://registry.npmjs.org/@napi-rs/tar-win32-x64-msvc/-/tar-win32-x64-msvc-0.1.5.tgz",
      "integrity": "sha512-9Rq0Ob4S5NGFwNL3kGQkgrYlObqQgw19QMSZdVuhzZ9sSxn9OSF5cWgZ/n1oMEPWK+u6n9GSN2XbPn4DI7pm7Q==",
      "cpu": [
        "x64"
      ],
      "optional": true,
      "os": [
        "win32"
      ],
      "engines": {
        "node": ">= 10"
      }
    },
    "node_modules/@napi-rs/wasm-runtime": {
      "version": "0.2.12",
      "resolved": "https://registry.npmjs.org/@napi-rs/wasm-runtime/-/wasm-runtime-0.2.12.tgz",
      "integrity": "sha512-ZVWUcfwY4E/yPitQJl481FjFo3K22D6qF0DuFH6Y/nbnE11GY5uguDxZMGXPQ8WQ0128MXQD7TnfHyK4oWoIJQ==",
      "optional": true,
      "dependencies": {
        "@emnapi/core": "^1.4.3",
        "@emnapi/runtime": "^1.4.3",
        "@tybys/wasm-util": "^0.10.0"
      }
    },
    "node_modules/@tybys/wasm-util": {
      "version": "0.10.1",
      "resolved": "https://registry.npmjs.org/@tybys/wasm-util/-/wasm-util-0.10.1.tgz",
      "integrity": "sha512-9tTaPJLSiejZKx+Bmog4uSubteqTvFrVrURwkmHixBo0G4seD0zUxp98E1DzUBJxLQ3NPwXrGKDiVjwx/DpPsg==",
      "optional": true,
      "dependencies": {
        "tslib": "^2.4.0"
      }
    },
    "node_modules/tslib": {
      "version": "2.8.1",
      "resolved": "https://registry.npmjs.org/tslib/-/tslib-2.8.1.tgz",
      "integrity": "sha512-oJFu94HQb+KVduSUQL7wnpmqnfmLsOA/nAh6b6EH0wCEoK0/mPeXU6c3wKDV83MkOuHPRHtSXKKU99IBazS/2w==",
      "optional": true
    }
  }
}
