{
  "name": "@xspect-build/patchelf",
  "version": "0.18.1",
  "lockfileVersion": 3,
  "requires": true,
  "packages": {
    "": {
      "name": "@xspect-build/patchelf",
      "version": "0.18.1",
      "hasInstallScript": true,
      "license": "MIT",
      "bin": {
        "patchelf": "bin/patchelf"
      },
      "engines": {
        "node": ">=16.0.0"
      },
      "optionalDependencies": {
        "@xspect-build/patchelf-darwin-arm64": "0.18.0",
        "@xspect-build/patchelf-darwin-x64": "0.18.0",
        "@xspect-build/patchelf-linux-arm": "0.18.0",
        "@xspect-build/patchelf-linux-arm64": "0.18.0",
        "@xspect-build/patchelf-linux-x64": "0.18.0"
      }
    },
    "node_modules/@xspect-build/patchelf-darwin-arm64": {
      "version": "0.18.0",
      "resolved": "https://registry.npmjs.org/@xspect-build/patchelf-darwin-arm64/-/patchelf-darwin-arm64-0.18.0.tgz",
      "integrity": "sha512-FpphlTQy+THUtIL+UDXXe57rxv5wMGtcwukwlm8qIM28uluk90vidVdiWBmfbSHpA/bmC4/54y7K6rHBbNo8Hw==",
      "cpu": [
        "arm64"
      ],
      "optional": true,
      "os": [
        "darwin"
      ]
    },
    "node_modules/@xspect-build/patchelf-darwin-x64": {
      "version": "0.18.0",
      "resolved": "https://registry.npmjs.org/@xspect-build/patchelf-darwin-x64/-/patchelf-darwin-x64-0.18.0.tgz",
      "integrity": "sha512-qsMJVqrqOaFdzUsHr6gclcW2i27pQHojy9VjwMLcvbOc/P/FfPYU5C8Jgdgz+26SxECRuHO0uhQLdOMr7Wj22A==",
      "cpu": [
        "x64"
      ],
      "optional": true,
      "os": [
        "darwin"
      ]
    },
    "node_modules/@xspect-build/patchelf-linux-arm64": {
      "version": "0.18.0",
      "resolved": "https://registry.npmjs.org/@xspect-build/patchelf-linux-arm64/-/patchelf-linux-arm64-0.18.0.tgz",
      "integrity": "sha512-UV/MCpJEIjtInvD7eCv1dD64YzfgM+4aabxFHWzMvyKHXdnRgtllFJqJZj2iyjS0OtRbBr4UWVxlDzQD2muAQg==",
      "cpu": [
        "arm64"
      ],
      "optional": true,
      "os": [
        "linux"
      ]
    },
    "node_modules/@xspect-build/patchelf-linux-x64": {
      "version": "0.18.0",
      "resolved": "https://registry.npmjs.org/@xspect-build/patchelf-linux-x64/-/patchelf-linux-x64-0.18.0.tgz",
      "integrity": "sha512-ps2TQrcl8lRWsggLHhIAEMnUh94N4KgI18bkoogJp54NTN5SujoE40Hmx8bgPVaW5/sP2DBiiIOQifhVtsnFTA==",
      "cpu": [
        "x64"
      ],
      "optional": true,
      "os": [
        "linux"
      ]
    }
  }
}
