{
  "name": "@xspect-build/patchelf",
  "version": "0.18.2",
  "lockfileVersion": 3,
  "requires": true,
  "packages": {
    "": {
      "name": "@xspect-build/patchelf",
      "version": "0.18.2",
      "hasInstallScript": true,
      "license": "MIT",
      "bin": {
        "patchelf": "bin/patchelf"
      },
      "engines": {
        "node": ">=16.0.0"
      }
    }
  }
}
